<?xml version="1.0" encoding="utf-8"?>
<Project ToolsVersion="4.0" xmlns="http://schemas.microsoft.com/developer/msbuild/2003">
  <ItemGroup>
    <Filter Include="Source Files">
      <UniqueIdentifier>{4FC737F1-C7A5-4376-A066-2A32D752A2FF}</UniqueIdentifier>
      <Extensions>cpp;c;cc;cxx;c++;cppm;ixx;def;odl;idl;hpj;bat;asm;asmx</Extensions>
    </Filter>
    <Filter Include="Header Files">
      <UniqueIdentifier>{93995380-89BD-4b04-88EB-625FBE52EBFB}</UniqueIdentifier>
      <Extensions>h;hh;hpp;hxx;h++;hm;inl;inc;ipp;xsd</Extensions>
    </Filter>
  </ItemGroup>
  <ItemGroup>
    <ClCompile Include="main.cpp">
      <Filter>Source Files</Filter>
    </ClCompile>
    <ClCompile Include="wings.cpp">
      <Filter>Source Files</Filter>
    </ClCompile>
    <ClCompile Include="lex.cpp">
      <Filter>Source Files</Filter>
    </ClCompile>
    <ClCompile Include="parse.cpp">
      <Filter>Source Files</Filter>
    </ClCompile>
    <ClCompile Include="exprparse.cpp">
      <Filter>Source Files</Filter>
    </ClCompile>
    <ClCompile Include="compile.cpp">
      <Filter>Source Files</Filter>
    </ClCompile>
    <ClCompile Include="executor.cpp">
      <Filter>Source Files</Filter>
    </ClCompile>
    <ClCompile Include="builtinsmodule.cpp">
      <Filter>Source Files</Filter>
    </ClCompile>
    <ClCompile Include="attributetable.cpp">
      <Filter>Source Files</Filter>
    </ClCompile>
    <ClCompile Include="tests.cpp">
      <Filter>Source Files</Filter>
    </ClCompile>
    <ClCompile Include="common.cpp">
      <Filter>Source Files</Filter>
    </ClCompile>
    <ClCompile Include="randommodule.cpp">
      <Filter>Source Files</Filter>
    </ClCompile>
    <ClCompile Include="mathmodule.cpp">
      <Filter>Source Files</Filter>
    </ClCompile>
    <ClCompile Include="timemodule.cpp">
      <Filter>Source Files</Filter>
    </ClCompile>
    <ClCompile Include="sysmodule.cpp">
      <Filter>Source Files</Filter>
    </ClCompile>
  </ItemGroup>
  <ItemGroup>
    <ClInclude Include="wings.h">
      <Filter>Header Files</Filter>
    </ClInclude>
    <ClInclude Include="lex.h">
      <Filter>Header Files</Filter>
    </ClInclude>
    <ClInclude Include="parse.h">
      <Filter>Header Files</Filter>
    </ClInclude>
    <ClInclude Include="exprparse.h">
      <Filter>Header Files</Filter>
    </ClInclude>
    <ClInclude Include="compile.h">
      <Filter>Header Files</Filter>
    </ClInclude>
    <ClInclude Include="executor.h">
      <Filter>Header Files</Filter>
    </ClInclude>
    <ClInclude Include="rcptr.h">
      <Filter>Header Files</Filter>
    </ClInclude>
    <ClInclude Include="attributetable.h">
      <Filter>Header Files</Filter>
    </ClInclude>
    <ClInclude Include="hash.h">
      <Filter>Header Files</Filter>
    </ClInclude>
    <ClInclude Include="common.h">
      <Filter>Header Files</Filter>
    </ClInclude>
    <ClInclude Include="tests.h">
      <Filter>Header Files</Filter>
    </ClInclude>
    <ClInclude Include="builtinsmodule.h">
      <Filter>Header Files</Filter>
    </ClInclude>
    <ClInclude Include="randommodule.h">
      <Filter>Header Files</Filter>
    </ClInclude>
    <ClInclude Include="mathmodule.h">
      <Filter>Header Files</Filter>
    </ClInclude>
    <ClInclude Include="timemodule.h">
      <Filter>Header Files</Filter>
    </ClInclude>
    <ClInclude Include="sysmodule.h">
      <Filter>Header Files</Filter>
    </ClInclude>
  </ItemGroup>
  <ItemGroup>
    <None Include="cpp.hint" />
  </ItemGroup>
</Project>